
Microsoft Visual Studio Solution File, Format Version 12.00
# Visual Studio Version 17
VisualStudioVersion = 17.3.32922.545
MinimumVisualStudioVersion = 10.0.40219.1
Project("{FAE04EC0-301F-11D3-BF4B-00C04F79EFBC}") = "ThirdSession", "ThirdSession\ThirdSession.csproj", "{C969399D-3A5C-4361-B893-E6B9EBD1C479}"
EndProject
Project("{FAE04EC0-301F-11D3-BF4B-00C04F79EFBC}") = "ClassLibrary1", "ClassLibrary1\ClassLibrary1.csproj", "{79F11053-8BCE-4413-922B-E7099BDF2549}"
EndProject
Global
	GlobalSection(SolutionConfigurationPlatforms) = preSolution
		Debug|Any CPU = Debug|Any CPU
		Release|Any CPU = Release|Any CPU
	EndGlobalSection
	GlobalSection(ProjectConfigurationPlatforms) = postSolution
		{C969399D-3A5C-4361-B893-E6B9EBD1C479}.Debug|Any CPU.ActiveCfg = Debug|Any CPU
		{C969399D-3A5C-4361-B893-E6B9EBD1C479}.Debug|Any CPU.Build.0 = Debug|Any CPU
		{C969399D-3A5C-4361-B893-E6B9EBD1C479}.Release|Any CPU.ActiveCfg = Release|Any CPU
		{C969399D-3A5C-4361-B893-E6B9EBD1C479}.Release|Any CPU.Build.0 = Release|Any CPU
		{79F11053-8BCE-4413-922B-E7099BDF2549}.Debug|Any CPU.ActiveCfg = Debug|Any CPU
		{79F11053-8BCE-4413-922B-E7099BDF2549}.Debug|Any CPU.Build.0 = Debug|Any CPU
		{79F11053-8BCE-4413-922B-E7099BDF2549}.Release|Any CPU.ActiveCfg = Release|Any CPU
		{79F11053-8BCE-4413-922B-E7099BDF2549}.Release|Any CPU.Build.0 = Release|Any CPU
	EndGlobalSection
	GlobalSection(SolutionProperties) = preSolution
		HideSolutionNode = FALSE
	EndGlobalSection
	GlobalSection(ExtensibilityGlobals) = postSolution
		SolutionGuid = {DC50A2BF-1045-47D8-8C05-7C8E553625BF}
	EndGlobalSection
EndGlobal
